
Microsoft Visual Studio Solution File, Format Version 12.00
# Visual Studio Version 16
VisualStudioVersion = 16.0.30330.147
MinimumVisualStudioVersion = 10.0.40219.1
Project("{FAE04EC0-301F-11D3-BF4B-00C04F79EFBC}") = "step54_acme", "step54_acme\step54_acme.csproj", "{F55CEB4B-012D-401D-92A4-3AFDD1F37181}"
EndProject
Global
	GlobalSection(SolutionConfigurationPlatforms) = preSolution
		Debug|Any CPU = Debug|Any CPU
		Release|Any CPU = Release|Any CPU
	EndGlobalSection
	GlobalSection(ProjectConfigurationPlatforms) = postSolution
		{F55CEB4B-012D-401D-92A4-3AFDD1F37181}.Debug|Any CPU.ActiveCfg = Debug|Any CPU
		{F55CEB4B-012D-401D-92A4-3AFDD1F37181}.Debug|Any CPU.Build.0 = Debug|Any CPU
		{F55CEB4B-012D-401D-92A4-3AFDD1F37181}.Release|Any CPU.ActiveCfg = Release|Any CPU
		{F55CEB4B-012D-401D-92A4-3AFDD1F37181}.Release|Any CPU.Build.0 = Release|Any CPU
	EndGlobalSection
	GlobalSection(SolutionProperties) = preSolution
		HideSolutionNode = FALSE
	EndGlobalSection
	GlobalSection(ExtensibilityGlobals) = postSolution
		SolutionGuid = {1E420970-016C-4DC2-8ACB-719A6D89AC23}
	EndGlobalSection
EndGlobal
